
Microsoft Visual Studio Solution File, Format Version 12.00
# Visual Studio Version 17
VisualStudioVersion = 17.4.33110.190
MinimumVisualStudioVersion = 10.0.40219.1
Project("{FAE04EC0-301F-11D3-BF4B-00C04F79EFBC}") = "TheArtist", "TheArtist\TheArtist.csproj", "{C2062929-6E3C-4A0E-B2A5-DB2F366A4DFD}"
EndProject
Global
	GlobalSection(SolutionConfigurationPlatforms) = preSolution
		Debug|Any CPU = Debug|Any CPU
		Release|Any CPU = Release|Any CPU
	EndGlobalSection
	GlobalSection(ProjectConfigurationPlatforms) = postSolution
		{C2062929-6E3C-4A0E-B2A5-DB2F366A4DFD}.Debug|Any CPU.ActiveCfg = Debug|Any CPU
		{C2062929-6E3C-4A0E-B2A5-DB2F366A4DFD}.Debug|Any CPU.Build.0 = Debug|Any CPU
		{C2062929-6E3C-4A0E-B2A5-DB2F366A4DFD}.Release|Any CPU.ActiveCfg = Release|Any CPU
		{C2062929-6E3C-4A0E-B2A5-DB2F366A4DFD}.Release|Any CPU.Build.0 = Release|Any CPU
	EndGlobalSection
	GlobalSection(SolutionProperties) = preSolution
		HideSolutionNode = FALSE
	EndGlobalSection
	GlobalSection(ExtensibilityGlobals) = postSolution
		SolutionGuid = {0F42C8D8-30FC-4017-8483-7F74BCE76626}
	EndGlobalSection
EndGlobal
